
Microsoft Visual Studio Solution File, Format Version 12.00
# Visual Studio Version 16
VisualStudioVersion = 16.0.33423.256
MinimumVisualStudioVersion = 10.0.40219.1
Project("{FAE04EC0-301F-11D3-BF4B-00C04F79EFBC}") = "07_VoThanhHuy_Sql", "07_VoThanhHuy_Sql\07_VoThanhHuy_Sql.csproj", "{F852126B-CB10-4E73-AE27-CA867D13BEB8}"
EndProject
Global
	GlobalSection(SolutionConfigurationPlatforms) = preSolution
		Debug|Any CPU = Debug|Any CPU
		Release|Any CPU = Release|Any CPU
	EndGlobalSection
	GlobalSection(ProjectConfigurationPlatforms) = postSolution
		{F852126B-CB10-4E73-AE27-CA867D13BEB8}.Debug|Any CPU.ActiveCfg = Debug|Any CPU
		{F852126B-CB10-4E73-AE27-CA867D13BEB8}.Debug|Any CPU.Build.0 = Debug|Any CPU
		{F852126B-CB10-4E73-AE27-CA867D13BEB8}.Release|Any CPU.ActiveCfg = Release|Any CPU
		{F852126B-CB10-4E73-AE27-CA867D13BEB8}.Release|Any CPU.Build.0 = Release|Any CPU
	EndGlobalSection
	GlobalSection(SolutionProperties) = preSolution
		HideSolutionNode = FALSE
	EndGlobalSection
	GlobalSection(ExtensibilityGlobals) = postSolution
		SolutionGuid = {18EBD9BE-D9B8-4D7E-B44E-06F88EB5A97F}
	EndGlobalSection
EndGlobal
